lockfileVersion: '9.0'

settings:
  autoInstallPeers: true
  excludeLinksFromLockfile: false

importers:

  .:
    dependencies:
      '@evenrealities/even_hub_sdk':
        specifier: ^0.0.10
        version: 0.0.10
    devDependencies:
      '@evenrealities/evenhub-cli':
        specifier: ^0.1.12
        version: 0.1.13(typescript@5.9.3)
      '@evenrealities/evenhub-simulator':
        specifier: ^0.7.2
        version: 0.7.3
      typescript:
        specifier: ^5.7.0
        version: 5.9.3
      vite:
        specifier: ^5.4.0
        version: 5.4.21

packages:

  '@esbuild/aix-ppc64@0.21.5':
    resolution: {integrity: sha512-1SDgH6ZSPTlggy1yI6+Dbkiz8xzpHJEVAlF/AM1tHPLsf5STom9rwtjE4hKAF20FfXXNTFqEYXyJNWh1GiZedQ==}
    engines: {node: '>=12'}
    cpu: [ppc64]
    os: [aix]

  '@esbuild/android-arm64@0.21.5':
    resolution: {integrity: sha512-c0uX9VAUBQ7dTDCjq+wdyGLowMdtR/GoC2U5IYk/7D1H1JYC0qseD7+11iMP2mRLN9RcCMRcjC4YMclCzGwS/A==}
    engines: {node: '>=12'}
    cpu: [arm64]
    os: [android]

  '@esbuild/android-arm@0.21.5':
    resolution: {integrity: sha512-vCPvzSjpPHEi1siZdlvAlsPxXl7WbOVUBBAowWug4rJHb68Ox8KualB+1ocNvT5fjv6wpkX6o/iEpbDrf68zcg==}
    engines: {node: '>=12'}
    cpu: [arm]
    os: [android]

  '@esbuild/android-x64@0.21.5':
    resolution: {integrity: sha512-D7aPRUUNHRBwHxzxRvp856rjUHRFW1SdQATKXH2hqA0kAZb1hKmi02OpYRacl0TxIGz/ZmXWlbZgjwWYaCakTA==}
    engines: {node: '>=12'}
    cpu: [x64]
    os: [android]

  '@esbuild/darwin-arm64@0.21.5':
    resolution: {integrity: sha512-DwqXqZyuk5AiWWf3UfLiRDJ5EDd49zg6O9wclZ7kUMv2WRFr4HKjXp/5t8JZ11QbQfUS6/cRCKGwYhtNAY88kQ==}
    engines: {node: '>=12'}
    cpu: [arm64]
    os: [darwin]

  '@esbuild/darwin-x64@0.21.5':
    resolution: {integrity: sha512-se/JjF8NlmKVG4kNIuyWMV/22ZaerB+qaSi5MdrXtd6R08kvs2qCN4C09miupktDitvh8jRFflwGFBQcxZRjbw==}
    engines: {node: '>=12'}
    cpu: [x64]
    os: [darwin]

  '@esbuild/freebsd-arm64@0.21.5':
    resolution: {integrity: sha512-5JcRxxRDUJLX8JXp/wcBCy3pENnCgBR9bN6JsY4OmhfUtIHe3ZW0mawA7+RDAcMLrMIZaf03NlQiX9DGyB8h4g==}
    engines: {node: '>=12'}
    cpu: [arm64]
    os: [freebsd]

  '@esbuild/freebsd-x64@0.21.5':
    resolution: {integrity: sha512-J95kNBj1zkbMXtHVH29bBriQygMXqoVQOQYA+ISs0/2l3T9/kj42ow2mpqerRBxDJnmkUDCaQT/dfNXWX/ZZCQ==}
    engines: {node: '>=12'}
    cpu: [x64]
    os: [freebsd]

  '@esbuild/linux-arm64@0.21.5':
    resolution: {integrity: sha512-ibKvmyYzKsBeX8d8I7MH/TMfWDXBF3db4qM6sy+7re0YXya+K1cem3on9XgdT2EQGMu4hQyZhan7TeQ8XkGp4Q==}
    engines: {node: '>=12'}
    cpu: [arm64]
    os: [linux]

  '@esbuild/linux-arm@0.21.5':
    resolution: {integrity: sha512-bPb5AHZtbeNGjCKVZ9UGqGwo8EUu4cLq68E95A53KlxAPRmUyYv2D6F0uUI65XisGOL1hBP5mTronbgo+0bFcA==}
    engines: {node: '>=12'}
    cpu: [arm]
    os: [linux]

  '@esbuild/linux-ia32@0.21.5':
    resolution: {integrity: sha512-YvjXDqLRqPDl2dvRODYmmhz4rPeVKYvppfGYKSNGdyZkA01046pLWyRKKI3ax8fbJoK5QbxblURkwK/MWY18Tg==}
    engines: {node: '>=12'}
    cpu: [ia32]
    os: [linux]

  '@esbuild/linux-loong64@0.21.5':
    resolution: {integrity: sha512-uHf1BmMG8qEvzdrzAqg2SIG/02+4/DHB6a9Kbya0XDvwDEKCoC8ZRWI5JJvNdUjtciBGFQ5PuBlpEOXQj+JQSg==}
    engines: {node: '>=12'}
    cpu: [loong64]
    os: [linux]

  '@esbuild/linux-mips64el@0.21.5':
    resolution: {integrity: sha512-IajOmO+KJK23bj52dFSNCMsz1QP1DqM6cwLUv3W1QwyxkyIWecfafnI555fvSGqEKwjMXVLokcV5ygHW5b3Jbg==}
    engines: {node: '>=12'}
    cpu: [mips64el]
    os: [linux]

  '@esbuild/linux-ppc64@0.21.5':
    resolution: {integrity: sha512-1hHV/Z4OEfMwpLO8rp7CvlhBDnjsC3CttJXIhBi+5Aj5r+MBvy4egg7wCbe//hSsT+RvDAG7s81tAvpL2XAE4w==}
    engines: {node: '>=12'}
    cpu: [ppc64]
    os: [linux]

  '@esbuild/linux-riscv64@0.21.5':
    resolution: {integrity: sha512-2HdXDMd9GMgTGrPWnJzP2ALSokE/0O5HhTUvWIbD3YdjME8JwvSCnNGBnTThKGEB91OZhzrJ4qIIxk/SBmyDDA==}
    engines: {node: '>=12'}
    cpu: [riscv64]
    os: [linux]

  '@esbuild/linux-s390x@0.21.5':
    resolution: {integrity: sha512-zus5sxzqBJD3eXxwvjN1yQkRepANgxE9lgOW2qLnmr8ikMTphkjgXu1HR01K4FJg8h1kEEDAqDcZQtbrRnB41A==}
    engines: {node: '>=12'}
    cpu: [s390x]
    os: [linux]

  '@esbuild/linux-x64@0.21.5':
    resolution: {integrity: sha512-1rYdTpyv03iycF1+BhzrzQJCdOuAOtaqHTWJZCWvijKD2N5Xu0TtVC8/+1faWqcP9iBCWOmjmhoH94dH82BxPQ==}
    engines: {node: '>=12'}
    cpu: [x64]
    os: [linux]

  '@esbuild/netbsd-x64@0.21.5':
    resolution: {integrity: sha512-Woi2MXzXjMULccIwMnLciyZH4nCIMpWQAs049KEeMvOcNADVxo0UBIQPfSmxB3CWKedngg7sWZdLvLczpe0tLg==}
    engines: {node: '>=12'}
    cpu: [x64]
    os: [netbsd]

  '@esbuild/openbsd-x64@0.21.5':
    resolution: {integrity: sha512-HLNNw99xsvx12lFBUwoT8EVCsSvRNDVxNpjZ7bPn947b8gJPzeHWyNVhFsaerc0n3TsbOINvRP2byTZ5LKezow==}
    engines: {node: '>=12'}
    cpu: [x64]
    os: [openbsd]

  '@esbuild/sunos-x64@0.21.5':
    resolution: {integrity: sha512-6+gjmFpfy0BHU5Tpptkuh8+uw3mnrvgs+dSPQXQOv3ekbordwnzTVEb4qnIvQcYXq6gzkyTnoZ9dZG+D4garKg==}
    engines: {node: '>=12'}
    cpu: [x64]
    os: [sunos]

  '@esbuild/win32-arm64@0.21.5':
    resolution: {integrity: sha512-Z0gOTd75VvXqyq7nsl93zwahcTROgqvuAcYDUr+vOv8uHhNSKROyU961kgtCD1e95IqPKSQKH7tBTslnS3tA8A==}
    engines: {node: '>=12'}
    cpu: [arm64]
    os: [win32]

  '@esbuild/win32-ia32@0.21.5':
    resolution: {integrity: sha512-SWXFF1CL2RVNMaVs+BBClwtfZSvDgtL//G/smwAc5oVK/UPu2Gu9tIaRgFmYFFKrmg3SyAjSrElf0TiJ1v8fYA==}
    engines: {node: '>=12'}
    cpu: [ia32]
    os: [win32]

  '@esbuild/win32-x64@0.21.5':
    resolution: {integrity: sha512-tQd/1efJuzPC6rCFwEvLtci/xNFcTZknmXs98FYDfGE4wP9ClFV98nyKrzJKVPMhdDnjzLhdUyMX4PsQAPjwIw==}
    engines: {node: '>=12'}
    cpu: [x64]
    os: [win32]

  '@evenrealities/even_hub_sdk@0.0.10':
    resolution: {integrity: sha512-95zmlbFzyyh+TxPz5Wq8Ix4IxUDZzo/WJWAUXPQ/83kaU8R78MOYYBgKDM47Yw61LoEn+Ob5GNLDu/T9bj85xA==}
    engines: {node: ^20.0.0 || >=22.0.0}

  '@evenrealities/evenhub-cli@0.1.13':
    resolution: {integrity: sha512-glkkGfImds8ceh1YTbVvwuw7jlcSAKnI6Q7ATrDynKSvODs9/FV/R+0CliyCog3JJRTON0+EXBLW3lxU4x8NBQ==}
    hasBin: true
    peerDependencies:
      typescript: ^5

  '@evenrealities/evenhub-simulator@0.7.3':
    resolution: {integrity: sha512-ZZ/leB3ed5LFJ8eERgQBltJIpibwu2RtjIwtomwmXl0+0bDPCAm6KiSLAkqlzMeweEu6TVxT0fh8mK16+M0pWA==}
    hasBin: true

  '@evenrealities/sim-darwin-arm64@0.7.3':
    resolution: {integrity: sha512-M3ANiH8gc+TqwFxpcj1ncVTWMODvFIv1rCsYOJyMR0JWyAe8rRjdaRZEGL9BG7Qw9qhW/qMwSV2NGVSwUgJNlQ==}
    cpu: [arm64]
    os: [darwin]
    hasBin: true

  '@evenrealities/sim-darwin-x64@0.7.3':
    resolution: {integrity: sha512-tQySpiF28nnOhjmJs/Z/cia/MuybI1ddlzOATl8XPiay5v6dzl+1kZ7O4vTmmOExEtplpglVkR3vDlytqSZsLw==}
    cpu: [x64]
    os: [darwin]
    hasBin: true

  '@evenrealities/sim-linux-x64@0.7.3':
    resolution: {integrity: sha512-I4WoDERYObuoIl7xodAVXAwQGVYKGP4LYJ5QkoBvX0Sb2z2mbB2Wn67ZmywnkH9KtDhGs0Q8Sn2nrSORVQJeSA==}
    cpu: [x64]
    os: [linux]
    hasBin: true

  '@evenrealities/sim-win32-x64@0.7.3':
    resolution: {integrity: sha512-ydQlGdYuYFR7weyYfziAQoJNO0012areZdR8ytP/xKCccds066wmNOkpgL4eP36J6xJu4lGOgbCojd+DT1vhDA==}
    cpu: [x64]
    os: [win32]
    hasBin: true

  '@inquirer/ansi@2.0.7':
    resolution: {integrity: sha512-3eTuUO1vH2cZm2ZKHeQxnOqlTi9EfZDGgIe3BL3I4u+rJHocr9Fz86M4fjYABPvFnQG/gGK551HqDiIcETwU6Q==}
    engines: {node: '>=23.5.0 || ^22.13.0 || ^20.17.0'}

  '@inquirer/checkbox@5.2.1':
    resolution: {integrity: sha512-b6xmA/VlTe0ZgDQHDui+Nav470u7u49nRd8/iuhOcQPO9Ch7lGuogydhi2VOmNlZ+zXcM8IcPuNSwQcdJaF/kw==}
    engines: {node: '>=23.5.0 || ^22.13.0 || ^20.17.0'}
    peerDependencies:
      '@types/node': '>=18'
    peerDependenciesMeta:
      '@types/node':
        optional: true

  '@inquirer/confirm@6.1.1':
    resolution: {integrity: sha512-eb8DBZcz/2qHWQda4rk2JiQk5h9QV/cVHi1yjt0f69WFZMRFn0sJTye3EAP8icut8UDMjQPsaH5KbcOogefrFQ==}
    engines: {node: '>=23.5.0 || ^22.13.0 || ^20.17.0'}
    peerDependencies:
      '@types/node': '>=18'
    peerDependenciesMeta:
      '@types/node':
        optional: true

  '@inquirer/core@11.2.1':
    resolution: {integrity: sha512-Qd6GJT1yVyrZZCfN8W2qKF5ApmqryXRhRKCuip8h01x2w/esJQ2XIYc6f9abMIHgKQdBfFTSOdbHRLAhuM09UA==}
    engines: {node: '>=23.5.0 || ^22.13.0 || ^20.17.0'}
    peerDependencies:
      '@types/node': '>=18'
    peerDependenciesMeta:
      '@types/node':
        optional: true

  '@inquirer/editor@5.2.2':
    resolution: {integrity: sha512-ZRVd/oD+sYsUd5zVm0NflqEzlqfYCyHNsqkHl2oWXEUHs12tCbcSFi+wVFEvD8+LGRaMUsVrE7qeo6lSG/S1Vg==}
    engines: {node: '>=23.5.0 || ^22.13.0 || ^20.17.0'}
    peerDependencies:
      '@types/node': '>=18'
    peerDependenciesMeta:
      '@types/node':
        optional: true

  '@inquirer/expand@5.1.1':
    resolution: {integrity: sha512-YmQpenjbFSHAK3sOd44puHh3V1KXXr+JiNpUztoSQ4drLh2rTVzTap/YtlAVu/5xavifIlBfNEzJ/neZJ1a/1g==}
    engines: {node: '>=23.5.0 || ^22.13.0 || ^20.17.0'}
    peerDependencies:
      '@types/node': '>=18'
    peerDependenciesMeta:
      '@types/node':
        optional: true

  '@inquirer/external-editor@3.0.3':
    resolution: {integrity: sha512-6thf5I8q7lZwzGLAxPaaGEREEkZ3nyePPDQ1oyobblxmEE8mqTLguScP7pDjUTAibiyb4hfXl+qjUEJ+di/aNA==}
    engines: {node: '>=23.5.0 || ^22.13.0 || ^20.17.0'}
    peerDependencies:
      '@types/node': '>=18'
    peerDependenciesMeta:
      '@types/node':
        optional: true

  '@inquirer/figures@2.0.7':
    resolution: {integrity: sha512-aJ8TBPOGB6f/2qziPfElISTCEd5XOYTFckA2SGjhNmiKzfK/u4ot3v0DUzGVdUnKjN10EqnnEPck36BkyfLnJw==}
    engines: {node: '>=23.5.0 || ^22.13.0 || ^20.17.0'}

  '@inquirer/input@5.1.2':
    resolution: {integrity: sha512-9K/DDBSQpOyZSkt6sOVP9Vo0TR7atX2kuILsUu0x3wVcVbe97lJwIJKMLdMw25tDYuXl/qp6erT0Xs1rfmcfZg==}
    engines: {node: '>=23.5.0 || ^22.13.0 || ^20.17.0'}
    peerDependencies:
      '@types/node': '>=18'
    peerDependenciesMeta:
      '@types/node':
        optional: true

  '@inquirer/number@4.1.1':
    resolution: {integrity: sha512-XF4IXAbPnGPgw0wsbC/i2tPcyfdZgDpUlhsqU0SfT4IRIGWha6Xm9VRgN5yYxJq+jnyXlfXI/nQ3ulfk0iEICA==}
    engines: {node: '>=23.5.0 || ^22.13.0 || ^20.17.0'}
    peerDependencies:
      '@types/node': '>=18'
    peerDependenciesMeta:
      '@types/node':
        optional: true

  '@inquirer/password@5.1.1':
    resolution: {integrity: sha512-3XBfF7DAsp5qeDsvN5Rd1HmbNokVvEQoUM0QLrRcybC9nX96w3Pbmu7qUsb3IT3J3jBvs2+mTXaKHOUsgHMLzg==}
    engines: {node: '>=23.5.0 || ^22.13.0 || ^20.17.0'}
    peerDependencies:
      '@types/node': '>=18'
    peerDependenciesMeta:
      '@types/node':
        optional: true

  '@inquirer/prompts@8.5.2':
    resolution: {integrity: sha512-IYR/3C/paEVVQYQvdDlFZVjRCJVYHHON0XXMH91KO9GSxs0TdKYWlUdvfQl2EfAHDxUaN3IBffkE/BDTh5nJ6g==}
    engines: {node: '>=23.5.0 || ^22.13.0 || ^20.17.0'}
    peerDependencies:
      '@types/node': '>=18'
    peerDependenciesMeta:
      '@types/node':
        optional: true

  '@inquirer/rawlist@5.3.1':
    resolution: {integrity: sha512-QqdTqQddL3qPX/PPrjobpsO25NZ4dWXgTLenrR445L2ptLEYE6Z+PD5c5CNDJNx4ugRgELAIpSIJxZaO2jJ2Og==}
    engines: {node: '>=23.5.0 || ^22.13.0 || ^20.17.0'}
    peerDependencies:
      '@types/node': '>=18'
    peerDependenciesMeta:
      '@types/node':
        optional: true

  '@inquirer/search@4.2.1':
    resolution: {integrity: sha512-xJj8QWKRSrfKoBIITLZK61dD3zwo0Rz11fgDImku30/Oe81zMdIdGgrLY2h6RkJ+KZ/GhNYIRMKnH/62qBTA5g==}
    engines: {node: '>=23.5.0 || ^22.13.0 || ^20.17.0'}
    peerDependencies:
      '@types/node': '>=18'
    peerDependenciesMeta:
      '@types/node':
        optional: true

  '@inquirer/select@5.2.1':
    resolution: {integrity: sha512-FlDndEUww8m7BfukO2nJa25vhD+H5jxxCv4oGioKqzyWz3nPHhhw4LKdYRSlXuAx7DsdWia7iyaBPKKS95Evfw==}
    engines: {node: '>=23.5.0 || ^22.13.0 || ^20.17.0'}
    peerDependencies:
      '@types/node': '>=18'
    peerDependenciesMeta:
      '@types/node':
        optional: true

  '@inquirer/type@4.0.7':
    resolution: {integrity: sha512-t28inv14nMQ1PhKpsJPY+kEs/c00qzeCOS2gTNRyTjG5d6qsVA2fItxW4hkvGZ5lvanGLdtCzVIx5dwdRpN1+g==}
    engines: {node: '>=23.5.0 || ^22.13.0 || ^20.17.0'}
    peerDependencies:
      '@types/node': '>=18'
    peerDependenciesMeta:
      '@types/node':
        optional: true

  '@rollup/rollup-android-arm-eabi@4.62.3':
    resolution: {integrity: sha512-c0wdcekXtQvvn5Tsrk/+op/gUArrbWaFduBnTLP2l1cKLSQs4diMWjJw3m6A0DdzT8dAAX95KpkJ3qynCePbmw==}
    cpu: [arm]
    os: [android]

  '@rollup/rollup-android-arm64@4.62.3':
    resolution: {integrity: sha512-3YjElDdWN+qXAFbJ/CzPV+0wspLqh54k/I6GfdYtEJRqg7buSgc1yPM3B+93j1M4neobtkATHZTmxK2AMVGfnA==}
    cpu: [arm64]
    os: [android]

  '@rollup/rollup-darwin-arm64@4.62.3':
    resolution: {integrity: sha512-Pch2pFNOxxz1hTjypIdPyRTR6riiwRl84+VcN9djS680fw+Co1nAJINrdpqp7KV0NvyuU8ilZXZCjd7ykJl1GQ==}
    cpu: [arm64]
    os: [darwin]

  '@rollup/rollup-darwin-x64@4.62.3':
    resolution: {integrity: sha512-LEuncFUHFiF8t4yZVZvvZA1wk0pjAscRnsrn1EfTEmN4HXotBi2YtcnLRyaK6UbuczW7xZS5ES+81Rdz8Z0T6g==}
    cpu: [x64]
    os: [darwin]

  '@rollup/rollup-freebsd-arm64@4.62.3':
    resolution: {integrity: sha512-zvBUvsQUpOWALdDsk6qbS8bXf2VxmPisuudNDrY7x0p0jBdsoZl8HsHczIOgkQiZldmcacMKtBzpoGVNeIe2bQ==}
    cpu: [arm64]
    os: [freebsd]

  '@rollup/rollup-freebsd-x64@4.62.3':
    resolution: {integrity: sha512-C2KmNrcSem/AMg984H/dev+si0lieQGdXdR/lYGJnuumXnFb9Y7QdiI62obFdLlxRYLBv4P0eUVIDbD4c1vVvw==}
    cpu: [x64]
    os: [freebsd]

  '@rollup/rollup-linux-arm-gnueabihf@4.62.3':
    resolution: {integrity: sha512-ggXnsTAEzNQx74XpunRsiZ9aBZDsI7XIa0hm2nzR9f4WzH5/f/d73ZSDaC5ejJ8YLY4NW+V3wr0tjOaeCq8hqA==}
    cpu: [arm]
    os: [linux]
    libc: [glibc]

  '@rollup/rollup-linux-arm-musleabihf@4.62.3':
    resolution: {integrity: sha512-2vng+FlzNUhKZxtej3IUqJgbZoQk2M/dwQM20+ULV0R/E/8tr9/P6uEf2iiGIk4HL0zMKh5Jry7mUHdUOvyGgA==}
    cpu: [arm]
    os: [linux]
    libc: [musl]

  '@rollup/rollup-linux-arm64-gnu@4.62.3':
    resolution: {integrity: sha512-LLLFZKt4/Nraf9rxDkhiU8QVgLF4WmCkfr0L4fj0fPfIZFBib0DeiFk1hhaYKd03LFAFJcxHslhDFlNJLylf5Q==}
    cpu: [arm64]
    os: [linux]
    libc: [glibc]

  '@rollup/rollup-linux-arm64-musl@4.62.3':
    resolution: {integrity: sha512-WJkdQCvS9sWNOUBJZfQRKpZGFBztRzcowI+nndmflKgU4XY+3a420FgTOSKTsVqJbnzSxeT4vaJalpOaPo2YCQ==}
    cpu: [arm64]
    os: [linux]
    libc: [musl]

  '@rollup/rollup-linux-loong64-gnu@4.62.3':
    resolution: {integrity: sha512-PwHXCCS2n64/1Ot6rP1YEYA02MGYBcQlr8CSZZyrUG2O7NH6NklYmvr9v3Jy+5e/eDeNchc/ukmKJi9LuflMIQ==}
    cpu: [loong64]
    os: [linux]
    libc: [glibc]

  '@rollup/rollup-linux-loong64-musl@4.62.3':
    resolution: {integrity: sha512-vUjxINQu3RC8NZS3ykk1gN65gIz8pAopOq2HXuZhiIxHdx7TFvDG+jgrdSgInu1Eza4/Rfi2VzZgyIgEH4WOaw==}
    cpu: [loong64]
    os: [linux]
    libc: [musl]

  '@rollup/rollup-linux-ppc64-gnu@4.62.3':
    resolution: {integrity: sha512-wzko4aJ13+0G3kGnviCg5gnXFKd40izKsrf2uOw12US4XqprkDrmwOpeW14aSNa37V8bfPcz5Fkob6LZ3BAPmA==}
    cpu: [ppc64]
    os: [linux]
    libc: [glibc]

  '@rollup/rollup-linux-ppc64-musl@4.62.3':
    resolution: {integrity: sha512-8120ue0JUMSwy11stlwnfdX3pPd+WZYGCDBwEHWtIHi6pOpZmsEF5QKB7a/UN+XFdqvobxz98kv8RTqikyCEBw==}
    cpu: [ppc64]
    os: [linux]
    libc: [musl]

  '@rollup/rollup-linux-riscv64-gnu@4.62.3':
    resolution: {integrity: sha512-XLFHnR3tXMjbOCh2vtVJHmxt+995uJsTERQyseFDRA0xxMxyTZPLa3OIUlyFaO4mF/Lu0FjmWHCuPXJT1n/IOg==}
    cpu: [riscv64]
    os: [linux]
    libc: [glibc]

  '@rollup/rollup-linux-riscv64-musl@4.62.3':
    resolution: {integrity: sha512-se6yXvNGMIl0f+RQzyh7XAmia8/9kplQx424wnG2w0C1oi6XgO6Y8otKhdXFHbHs88Ihavzmvh1NWjuovE76BQ==}
    cpu: [riscv64]
    os: [linux]
    libc: [musl]

  '@rollup/rollup-linux-s390x-gnu@4.62.3':
    resolution: {integrity: sha512-gNoxRefktVIiGflpONuxWWXZAzIQG++z9qHO3xKwk4WdDMuQja3JHGfE1u0i3PfPDyvhypdk+WrgIJqLhGG7sg==}
    cpu: [s390x]
    os: [linux]
    libc: [glibc]

  '@rollup/rollup-linux-x64-gnu@4.62.3':
    resolution: {integrity: sha512-V4KtWtQfAFMU7+9/A/VDps/VI8CHd3cYz0L8sgJzz8qK7eY7wI4ruFD82UYIYvW9Z4DtlTfhQcsl4XyPHW5uSg==}
    cpu: [x64]
    os: [linux]
    libc: [glibc]

  '@rollup/rollup-linux-x64-musl@4.62.3':
    resolution: {integrity: sha512-LBx9LYXvj2CBkMkjLdNAWLwH0MLMin7do2VcVo9kVPibGLkY0BQQut2fv7NVqkXqZ/CrAu9LqDHVV1xHCMpCPw==}
    cpu: [x64]
    os: [linux]
    libc: [musl]

  '@rollup/rollup-openbsd-x64@4.62.3':
    resolution: {integrity: sha512-ABVf3Q0RCu7NcyCCOZQI0pJ3GuSdfSl8EXcy88QtdceIMIoCUdfhsJChZ64L9zVM2aJHjde1Bhn5uqSRcX9ySA==}
    cpu: [x64]
    os: [openbsd]

  '@rollup/rollup-openharmony-arm64@4.62.3':
    resolution: {integrity: sha512-+2Cy/ldweGBLlPIKsQLF8U5N44a0KDdbrk1rAjHOM9M2K+kGdIVjHLmmrZIcx+9Ny3ke/1JomCsDI1ocb11+sg==}
    cpu: [arm64]
    os: [openharmony]

  '@rollup/rollup-win32-arm64-msvc@4.62.3':
    resolution: {integrity: sha512-dtZvzc8BedpSaFNy75x6uiWwAGTH+aZHDtdrqP6qk+WcLJrfti6sGje1ZJ9UxyzDLF23d/mV+PaMwuC0hL7UVA==}
    cpu: [arm64]
    os: [win32]

  '@rollup/rollup-win32-ia32-msvc@4.62.3':
    resolution: {integrity: sha512-Rj8Ra4noo+aYy7sKBggCx0407mws34kAb1ySyWuq5DAtFBQdkSwnsjCgPrhPe9cvgBKZIukpE+CVHvORCS93kQ==}
    cpu: [ia32]
    os: [win32]

  '@rollup/rollup-win32-x64-gnu@4.62.3':
    resolution: {integrity: sha512-vp7N084ew/odXn2gi/mzm9mUkQu9l6AiN6dt4IeUM2Uvm9o+cVmP+YkqbMOteLbiGgqBBlJZjIMYVCfOOIVbVQ==}
    cpu: [x64]
    os: [win32]

  '@rollup/rollup-win32-x64-msvc@4.62.3':
    resolution: {integrity: sha512-MOG/3gTOn4Fwf574RVOaY61I5o6P90legkFADiTyn1hyjNydT+cerU2rLUwPdZkKKyJ+iT+K9p7WXK4LM1Ka6g==}
    cpu: [x64]
    os: [win32]

  '@types/estree@1.0.9':
    resolution: {integrity: sha512-GhdPgy1el4/ImP05X05Uw4cw2/M93BCUmnEvWZNStlCzEKME4Fkk+YpoA5OiHNQmoS7Cafb8Xa3Pya8m1Qrzeg==}

  argparse@2.0.1:
    resolution: {integrity: sha512-8+9WqebbFzpX9OR+Wa6O29asIogeRMzcGtAINdpMHHyAg10f05aSFVBbcEqGf/PXw1EjAZ+q2/bEBg3DvurK3Q==}

  bundle-name@4.1.0:
    resolution: {integrity: sha512-tjwM5exMg6BGRI+kNmTntNsvdZS1X8BFYS6tnJ2hdH0kVxM6/eVZ2xy+FqStSWvYmtfFMDLIxurorHwDKfDz5Q==}
    engines: {node: '>=18'}

  chalk@5.6.2:
    resolution: {integrity: sha512-7NzBL0rN6fMUW+f7A6Io4h40qQlG+xGmtMxfbnH/K7TAtt8JQWVQK+6g0UXKMeVJoyV5EkkNsErQ8pVD3bLHbA==}
    engines: {node: ^12.17.0 || ^14.13 || >=16.0.0}

  chardet@2.2.0:
    resolution: {integrity: sha512-rddelWYNPRrXq6PtNEN2S3f6t9ILzvqaN5pVgi4kqt9jHQaXIial9PznB5iSPVlQSLNaaH22ItWz3EJtQ10+OA==}

  cli-width@4.1.0:
    resolution: {integrity: sha512-ouuZd4/dm2Sw5Gmqy6bGyNNNe1qt9RpmxveLSO7KcgsTnU7RXfsw+/bukWGo1abgBiMAic068rclZsO4IWmmxQ==}
    engines: {node: '>= 12'}

  commander@14.0.3:
    resolution: {integrity: sha512-H+y0Jo/T1RZ9qPP4Eh1pkcQcLRglraJaSLoyOtHxu6AapkjWVCy2Sit1QQ4x3Dng8qDlSsZEet7g5Pq06MvTgw==}
    engines: {node: '>=20'}

  default-browser-id@5.0.1:
    resolution: {integrity: sha512-x1VCxdX4t+8wVfd1so/9w+vQ4vx7lKd2Qp5tDRutErwmR85OgmfX7RlLRMWafRMY7hbEiXIbudNrjOAPa/hL8Q==}
    engines: {node: '>=18'}

  default-browser@5.5.0:
    resolution: {integrity: sha512-H9LMLr5zwIbSxrmvikGuI/5KGhZ8E2zH3stkMgM5LpOWDutGM2JZaj460Udnf1a+946zc7YBgrqEWwbk7zHvGw==}
    engines: {node: '>=18'}

  define-lazy-prop@3.0.0:
    resolution: {integrity: sha512-N+MeXYoqr3pOgn8xfyRPREN7gHakLYjhsHhWGT3fWAiL4IkAt0iDw14QiiEm2bE30c5XX5q0FtAA3CK5f9/BUg==}
    engines: {node: '>=12'}

  esbuild@0.21.5:
    resolution: {integrity: sha512-mg3OPMV4hXywwpoDxu3Qda5xCKQi+vCTZq8S9J/EpkhB2HzKXq4SNFZE3+NK93JYxc8VMSep+lOUSC/RVKaBqw==}
    engines: {node: '>=12'}
    hasBin: true

  fast-string-truncated-width@3.0.3:
    resolution: {integrity: sha512-0jjjIEL6+0jag3l2XWWizO64/aZVtpiGE3t0Zgqxv0DPuxiMjvB3M24fCyhZUO4KomJQPj3LTSUnDP3GpdwC0g==}

  fast-string-width@3.0.2:
    resolution: {integrity: sha512-gX8LrtNEI5hq8DVUfRQMbr5lpaS4nMIWV+7XEbXk2b8kiQIizgnlr12B4dA3ZEx3308ze0O4Q1R+cHts8kyUJg==}

  fast-wrap-ansi@0.2.2:
    resolution: {integrity: sha512-7F2Fl+TjRSenLqlU3UjSH0iyqopqoZIu7eZVpEirP2g1GtWa2G/ecEmBdgz31+Mxr+ELclgg6sokpSFIQiZ02Q==}

  fsevents@2.3.3:
    resolution: {integrity: sha512-5xoDfX+fL7faATnagmWPpbFtwh/R77WmMMqqHGS65C3vvB0YHrgF+B1YmZ3441tMj5n63k0212XNoJwzlhffQw==}
    engines: {node: ^8.16.0 || ^10.6.0 || >=11.0.0}
    os: [darwin]

  iconv-lite@0.7.3:
    resolution: {integrity: sha512-IKXpvIzjnC9XTAUbVBcMfGS0EPaIXtW6v+zr+RRp+hqULEpo0owZax6wyRwPOJbWbzjYspQwusTsfVr0ifh4uQ==}
    engines: {node: '>=0.10.0'}

  inquirer@13.4.3:
    resolution: {integrity: sha512-EPd3IqieHSavSOXh+LZhrIkdQcOELWeRblLT6kslQr+cF9XTh/HxZdSt1YkHH1iq4dvqBnV42uwg2YlorgOy6g==}
    engines: {node: '>=23.5.0 || ^22.13.0 || ^21.7.0 || ^20.12.0'}
    peerDependencies:
      '@types/node': '>=18'
    peerDependenciesMeta:
      '@types/node':
        optional: true

  is-docker@3.0.0:
    resolution: {integrity: sha512-eljcgEDlEns/7AXFosB5K/2nCM4P7FQPkGc/DWLy5rmFEWvZayGrik1d9/QIY5nJ4f9YsVvBkA6kJpHn9rISdQ==}
    engines: {node: ^12.20.0 || ^14.13.1 || >=16.0.0}
    hasBin: true

  is-in-ssh@1.0.0:
    resolution: {integrity: sha512-jYa6Q9rH90kR1vKB6NM7qqd1mge3Fx4Dhw5TVlK1MUBqhEOuCagrEHMevNuCcbECmXZ0ThXkRm+Ymr51HwEPAw==}
    engines: {node: '>=20'}

  is-inside-container@1.0.0:
    resolution: {integrity: sha512-KIYLCCJghfHZxqjYBE7rEy0OBuTd5xCHS7tHVgvCLkx7StIoaxwNW3hCALgEUjFfeRk+MG/Qxmp/vtETEF3tRA==}
    engines: {node: '>=14.16'}
    hasBin: true

  is-wsl@3.1.1:
    resolution: {integrity: sha512-e6rvdUCiQCAuumZslxRJWR/Doq4VpPR82kqclvcS0efgt430SlGIk05vdCN58+VrzgtIcfNODjozVielycD4Sw==}
    engines: {node: '>=16'}

  js-yaml@4.3.1:
    resolution: {integrity: sha512-CY6crGq313MX8GkwvB7tzgp99vjQxY1++5y10/BKN/GUfHqWaOGQMNZkBvqSzsZKWk/ijwHlWzzkLulsGHhjWQ==}
    hasBin: true

  mute-stream@3.0.0:
    resolution: {integrity: sha512-dkEJPVvun4FryqBmZ5KhDo0K9iDXAwn08tMLDinNdRBNPcYEDiWYysLcc6k3mjTMlbP9KyylvRpd4wFtwrT9rw==}
    engines: {node: ^20.17.0 || >=22.9.0}

  nanoid@3.3.16:
    resolution: {integrity: sha512-bzlKTyNJ7+LdGIIwy8ijFpIqEQIvafahV7eYykJ8Cvh42EdJeODoJ6gUJXpQJvej1BddH8OqTXZNE/KfbWAu8Q==}
    engines: {node: ^10 || ^12 || ^13.7 || ^14 || >=15.0.1}
    hasBin: true

  open@11.0.0:
    resolution: {integrity: sha512-smsWv2LzFjP03xmvFoJ331ss6h+jixfA4UUV/Bsiyuu4YJPfN+FIQGOIiv4w9/+MoHkfkJ22UIaQWRVFRfH6Vw==}
    engines: {node: '>=20'}

  picocolors@1.1.1:
    resolution: {integrity: sha512-xceH2snhtb5M9liqDsmEw56le376mTZkEX/jEb/RxNFyegNul7eNslCXP9FDj/Lcu0X8KEyMceP2ntpaHrDEVA==}

  postcss@8.5.25:
    resolution: {integrity: sha512-DTPx3RWSSnWyzLxQnlH0rJP+EW5ekl16ZU4/psbIhA0e53kJfdgaN5vKM+xP7yJtXVu+nfdVFmlgFDEKAe4Pyw==}
    engines: {node: ^10 || ^12 || >=14}

  powershell-utils@0.1.0:
    resolution: {integrity: sha512-dM0jVuXJPsDN6DvRpea484tCUaMiXWjuCn++HGTqUWzGDjv5tZkEZldAJ/UMlqRYGFrD/etByo4/xOuC/snX2A==}
    engines: {node: '>=20'}

  qr-image@3.2.0:
    resolution: {integrity: sha512-rXKDS5Sx3YipVsqmlMJsJsk6jXylEpiHRC2+nJy66fxA5ExYyGa4PqwteW69SaVmAb2OQ18HbYriT7cGQMbduw==}

  qrcode-terminal@0.12.0:
    resolution: {integrity: sha512-EXtzRZmC+YGmGlDFbXKxQiMZNwCLEO6BANKXG4iCtSIM0yqc/pappSx3RIKr4r0uh5JsBckOXeKrB3Iz7mdQpQ==}
    hasBin: true

  rollup@4.62.3:
    resolution: {integrity: sha512-Gu0c0iH9FzgX1L1t7ByIbbS3Vmdz+6KHm/EsqmmC71gUQ82yvZRkTK6XzrFObSka91WUVdynqp6nsfilzr5k6Q==}
    engines: {node: '>=18.0.0', npm: '>=8.0.0'}
    hasBin: true

  run-applescript@7.1.0:
    resolution: {integrity: sha512-DPe5pVFaAsinSaV6QjQ6gdiedWDcRCbUuiQfQa2wmWV7+xC9bGulGI8+TdRmoFkAPaBXk8CrAbnlY2ISniJ47Q==}
    engines: {node: '>=18'}

  run-async@4.0.6:
    resolution: {integrity: sha512-IoDlSLTs3Yq593mb3ZoKWKXMNu3UpObxhgA/Xuid5p4bbfi2jdY1Hj0m1K+0/tEuQTxIGMhQDqGjKb7RuxGpAQ==}
    engines: {node: '>=0.12.0'}

  rxjs@7.8.2:
    resolution: {integrity: sha512-dhKf903U/PQZY6boNNtAGdWbG85WAbjT/1xYoZIC7FAY0yWapOBQVsVrDl58W86//e1VpMNBtRV4MaXfdMySFA==}

  safer-buffer@2.1.2:
    resolution: {integrity: sha512-YZo3K82SD7Riyi0E1EQPojLz7kpepnSQI9IyPbHHg1XXXevb5dJI7tpyN2ADxGcQbHG7vcyRHk0cbwqcQriUtg==}

  signal-exit@4.1.0:
    resolution: {integrity: sha512-bzyZ1e88w9O1iNJbKnOlvYTrWPDl46O1bG0D3XInv+9tkPrxrN8jUUTiFlDkkmKWgn1M6CfIA13SuGqOa9Korw==}
    engines: {node: '>=14'}

  source-map-js@1.2.1:
    resolution: {integrity: sha512-UXWMKhLOwVKb728IUtQPXxfYU+usdybtUrK/8uGE8CQMvrhOpwvzDBwj0QhSL7MQc7vIsISBG8VQ8+IDQxpfQA==}
    engines: {node: '>=0.10.0'}

  tslib@2.8.1:
    resolution: {integrity: sha512-oJFu94HQb+KVduSUQL7wnpmqnfmLsOA/nAh6b6EH0wCEoK0/mPeXU6c3wKDV83MkOuHPRHtSXKKU99IBazS/2w==}

  typescript@5.9.3:
    resolution: {integrity: sha512-jl1vZzPDinLr9eUt3J/t7V6FgNEw9QjvBPdysz9KfQDD41fQrC2Y4vKQdiaUpFT4bXlb1RHhLpp8wtm6M5TgSw==}
    engines: {node: '>=14.17'}
    hasBin: true

  vite@5.4.21:
    resolution: {integrity: sha512-o5a9xKjbtuhY6Bi5S3+HvbRERmouabWbyUcpXXUA1u+GNUKoROi9byOJ8M0nHbHYHkYICiMlqxkg1KkYmm25Sw==}
    engines: {node: ^18.0.0 || >=20.0.0}
    hasBin: true
    peerDependencies:
      '@types/node': ^18.0.0 || >=20.0.0
      less: '*'
      lightningcss: ^1.21.0
      sass: '*'
      sass-embedded: '*'
      stylus: '*'
      sugarss: '*'
      terser: ^5.4.0
    peerDependenciesMeta:
      '@types/node':
        optional: true
      less:
        optional: true
      lightningcss:
        optional: true
      sass:
        optional: true
      sass-embedded:
        optional: true
      stylus:
        optional: true
      sugarss:
        optional: true
      terser:
        optional: true

  wsl-utils@0.3.1:
    resolution: {integrity: sha512-g/eziiSUNBSsdDJtCLB8bdYEUMj4jR7AGeUo96p/3dTafgjHhpF4RiCFPiRILwjQoDXx5MqkBr4fwWtR3Ky4Wg==}
    engines: {node: '>=20'}

  zod@4.4.3:
    resolution: {integrity: sha512-ytENFjIJFl2UwYglde2jchW2Hwm4GJFLDiSXWdTrJQBIN9Fcyp7n4DhxJEiWNAJMV1/BqWfW/kkg71UDcHJyTQ==}

snapshots:

  '@esbuild/aix-ppc64@0.21.5':
    optional: true

  '@esbuild/android-arm64@0.21.5':
    optional: true

  '@esbuild/android-arm@0.21.5':
    optional: true

  '@esbuild/android-x64@0.21.5':
    optional: true

  '@esbuild/darwin-arm64@0.21.5':
    optional: true

  '@esbuild/darwin-x64@0.21.5':
    optional: true

  '@esbuild/freebsd-arm64@0.21.5':
    optional: true

  '@esbuild/freebsd-x64@0.21.5':
    optional: true

  '@esbuild/linux-arm64@0.21.5':
    optional: true

  '@esbuild/linux-arm@0.21.5':
    optional: true

  '@esbuild/linux-ia32@0.21.5':
    optional: true

  '@esbuild/linux-loong64@0.21.5':
    optional: true

  '@esbuild/linux-mips64el@0.21.5':
    optional: true

  '@esbuild/linux-ppc64@0.21.5':
    optional: true

  '@esbuild/linux-riscv64@0.21.5':
    optional: true

  '@esbuild/linux-s390x@0.21.5':
    optional: true

  '@esbuild/linux-x64@0.21.5':
    optional: true

  '@esbuild/netbsd-x64@0.21.5':
    optional: true

  '@esbuild/openbsd-x64@0.21.5':
    optional: true

  '@esbuild/sunos-x64@0.21.5':
    optional: true

  '@esbuild/win32-arm64@0.21.5':
    optional: true

  '@esbuild/win32-ia32@0.21.5':
    optional: true

  '@esbuild/win32-x64@0.21.5':
    optional: true

  '@evenrealities/even_hub_sdk@0.0.10': {}

  '@evenrealities/evenhub-cli@0.1.13(typescript@5.9.3)':
    dependencies:
      chalk: 5.6.2
      commander: 14.0.3
      inquirer: 13.4.3
      js-yaml: 4.3.1
      open: 11.0.0
      qr-image: 3.2.0
      qrcode-terminal: 0.12.0
      typescript: 5.9.3
      zod: 4.4.3
    transitivePeerDependencies:
      - '@types/node'

  '@evenrealities/evenhub-simulator@0.7.3':
    optionalDependencies:
      '@evenrealities/sim-darwin-arm64': 0.7.3
      '@evenrealities/sim-darwin-x64': 0.7.3
      '@evenrealities/sim-linux-x64': 0.7.3
      '@evenrealities/sim-win32-x64': 0.7.3

  '@evenrealities/sim-darwin-arm64@0.7.3':
    optional: true

  '@evenrealities/sim-darwin-x64@0.7.3':
    optional: true

  '@evenrealities/sim-linux-x64@0.7.3':
    optional: true

  '@evenrealities/sim-win32-x64@0.7.3':
    optional: true

  '@inquirer/ansi@2.0.7': {}

  '@inquirer/checkbox@5.2.1':
    dependencies:
      '@inquirer/ansi': 2.0.7
      '@inquirer/core': 11.2.1
      '@inquirer/figures': 2.0.7
      '@inquirer/type': 4.0.7

  '@inquirer/confirm@6.1.1':
    dependencies:
      '@inquirer/core': 11.2.1
      '@inquirer/type': 4.0.7

  '@inquirer/core@11.2.1':
    dependencies:
      '@inquirer/ansi': 2.0.7
      '@inquirer/figures': 2.0.7
      '@inquirer/type': 4.0.7
      cli-width: 4.1.0
      fast-wrap-ansi: 0.2.2
      mute-stream: 3.0.0
      signal-exit: 4.1.0

  '@inquirer/editor@5.2.2':
    dependencies:
      '@inquirer/core': 11.2.1
      '@inquirer/external-editor': 3.0.3
      '@inquirer/type': 4.0.7

  '@inquirer/expand@5.1.1':
    dependencies:
      '@inquirer/core': 11.2.1
      '@inquirer/type': 4.0.7

  '@inquirer/external-editor@3.0.3':
    dependencies:
      chardet: 2.2.0
      iconv-lite: 0.7.3

  '@inquirer/figures@2.0.7': {}

  '@inquirer/input@5.1.2':
    dependencies:
      '@inquirer/core': 11.2.1
      '@inquirer/type': 4.0.7

  '@inquirer/number@4.1.1':
    dependencies:
      '@inquirer/core': 11.2.1
      '@inquirer/type': 4.0.7

  '@inquirer/password@5.1.1':
    dependencies:
      '@inquirer/ansi': 2.0.7
      '@inquirer/core': 11.2.1
      '@inquirer/type': 4.0.7

  '@inquirer/prompts@8.5.2':
    dependencies:
      '@inquirer/checkbox': 5.2.1
      '@inquirer/confirm': 6.1.1
      '@inquirer/editor': 5.2.2
      '@inquirer/expand': 5.1.1
      '@inquirer/input': 5.1.2
      '@inquirer/number': 4.1.1
      '@inquirer/password': 5.1.1
      '@inquirer/rawlist': 5.3.1
      '@inquirer/search': 4.2.1
      '@inquirer/select': 5.2.1

  '@inquirer/rawlist@5.3.1':
    dependencies:
      '@inquirer/core': 11.2.1
      '@inquirer/type': 4.0.7

  '@inquirer/search@4.2.1':
    dependencies:
      '@inquirer/core': 11.2.1
      '@inquirer/figures': 2.0.7
      '@inquirer/type': 4.0.7

  '@inquirer/select@5.2.1':
    dependencies:
      '@inquirer/ansi': 2.0.7
      '@inquirer/core': 11.2.1
      '@inquirer/figures': 2.0.7
      '@inquirer/type': 4.0.7

  '@inquirer/type@4.0.7': {}

  '@rollup/rollup-android-arm-eabi@4.62.3':
    optional: true

  '@rollup/rollup-android-arm64@4.62.3':
    optional: true

  '@rollup/rollup-darwin-arm64@4.62.3':
    optional: true

  '@rollup/rollup-darwin-x64@4.62.3':
    optional: true

  '@rollup/rollup-freebsd-arm64@4.62.3':
    optional: true

  '@rollup/rollup-freebsd-x64@4.62.3':
    optional: true

  '@rollup/rollup-linux-arm-gnueabihf@4.62.3':
    optional: true

  '@rollup/rollup-linux-arm-musleabihf@4.62.3':
    optional: true

  '@rollup/rollup-linux-arm64-gnu@4.62.3':
    optional: true

  '@rollup/rollup-linux-arm64-musl@4.62.3':
    optional: true

  '@rollup/rollup-linux-loong64-gnu@4.62.3':
    optional: true

  '@rollup/rollup-linux-loong64-musl@4.62.3':
    optional: true

  '@rollup/rollup-linux-ppc64-gnu@4.62.3':
    optional: true

  '@rollup/rollup-linux-ppc64-musl@4.62.3':
    optional: true

  '@rollup/rollup-linux-riscv64-gnu@4.62.3':
    optional: true

  '@rollup/rollup-linux-riscv64-musl@4.62.3':
    optional: true

  '@rollup/rollup-linux-s390x-gnu@4.62.3':
    optional: true

  '@rollup/rollup-linux-x64-gnu@4.62.3':
    optional: true

  '@rollup/rollup-linux-x64-musl@4.62.3':
    optional: true

  '@rollup/rollup-openbsd-x64@4.62.3':
    optional: true

  '@rollup/rollup-openharmony-arm64@4.62.3':
    optional: true

  '@rollup/rollup-win32-arm64-msvc@4.62.3':
    optional: true

  '@rollup/rollup-win32-ia32-msvc@4.62.3':
    optional: true

  '@rollup/rollup-win32-x64-gnu@4.62.3':
    optional: true

  '@rollup/rollup-win32-x64-msvc@4.62.3':
    optional: true

  '@types/estree@1.0.9': {}

  argparse@2.0.1: {}

  bundle-name@4.1.0:
    dependencies:
      run-applescript: 7.1.0

  chalk@5.6.2: {}

  chardet@2.2.0: {}

  cli-width@4.1.0: {}

  commander@14.0.3: {}

  default-browser-id@5.0.1: {}

  default-browser@5.5.0:
    dependencies:
      bundle-name: 4.1.0
      default-browser-id: 5.0.1

  define-lazy-prop@3.0.0: {}

  esbuild@0.21.5:
    optionalDependencies:
      '@esbuild/aix-ppc64': 0.21.5
      '@esbuild/android-arm': 0.21.5
      '@esbuild/android-arm64': 0.21.5
      '@esbuild/android-x64': 0.21.5
      '@esbuild/darwin-arm64': 0.21.5
      '@esbuild/darwin-x64': 0.21.5
      '@esbuild/freebsd-arm64': 0.21.5
      '@esbuild/freebsd-x64': 0.21.5
      '@esbuild/linux-arm': 0.21.5
      '@esbuild/linux-arm64': 0.21.5
      '@esbuild/linux-ia32': 0.21.5
      '@esbuild/linux-loong64': 0.21.5
      '@esbuild/linux-mips64el': 0.21.5
      '@esbuild/linux-ppc64': 0.21.5
      '@esbuild/linux-riscv64': 0.21.5
      '@esbuild/linux-s390x': 0.21.5
      '@esbuild/linux-x64': 0.21.5
      '@esbuild/netbsd-x64': 0.21.5
      '@esbuild/openbsd-x64': 0.21.5
      '@esbuild/sunos-x64': 0.21.5
      '@esbuild/win32-arm64': 0.21.5
      '@esbuild/win32-ia32': 0.21.5
      '@esbuild/win32-x64': 0.21.5

  fast-string-truncated-width@3.0.3: {}

  fast-string-width@3.0.2:
    dependencies:
      fast-string-truncated-width: 3.0.3

  fast-wrap-ansi@0.2.2:
    dependencies:
      fast-string-width: 3.0.2

  fsevents@2.3.3:
    optional: true

  iconv-lite@0.7.3:
    dependencies:
      safer-buffer: 2.1.2

  inquirer@13.4.3:
    dependencies:
      '@inquirer/ansi': 2.0.7
      '@inquirer/core': 11.2.1
      '@inquirer/prompts': 8.5.2
      '@inquirer/type': 4.0.7
      mute-stream: 3.0.0
      run-async: 4.0.6
      rxjs: 7.8.2

  is-docker@3.0.0: {}

  is-in-ssh@1.0.0: {}

  is-inside-container@1.0.0:
    dependencies:
      is-docker: 3.0.0

  is-wsl@3.1.1:
    dependencies:
      is-inside-container: 1.0.0

  js-yaml@4.3.1:
    dependencies:
      argparse: 2.0.1

  mute-stream@3.0.0: {}

  nanoid@3.3.16: {}

  open@11.0.0:
    dependencies:
      default-browser: 5.5.0
      define-lazy-prop: 3.0.0
      is-in-ssh: 1.0.0
      is-inside-container: 1.0.0
      powershell-utils: 0.1.0
      wsl-utils: 0.3.1

  picocolors@1.1.1: {}

  postcss@8.5.25:
    dependencies:
      nanoid: 3.3.16
      picocolors: 1.1.1
      source-map-js: 1.2.1

  powershell-utils@0.1.0: {}

  qr-image@3.2.0: {}

  qrcode-terminal@0.12.0: {}

  rollup@4.62.3:
    dependencies:
      '@types/estree': 1.0.9
    optionalDependencies:
      '@rollup/rollup-android-arm-eabi': 4.62.3
      '@rollup/rollup-android-arm64': 4.62.3
      '@rollup/rollup-darwin-arm64': 4.62.3
      '@rollup/rollup-darwin-x64': 4.62.3
      '@rollup/rollup-freebsd-arm64': 4.62.3
      '@rollup/rollup-freebsd-x64': 4.62.3
      '@rollup/rollup-linux-arm-gnueabihf': 4.62.3
      '@rollup/rollup-linux-arm-musleabihf': 4.62.3
      '@rollup/rollup-linux-arm64-gnu': 4.62.3
      '@rollup/rollup-linux-arm64-musl': 4.62.3
      '@rollup/rollup-linux-loong64-gnu': 4.62.3
      '@rollup/rollup-linux-loong64-musl': 4.62.3
      '@rollup/rollup-linux-ppc64-gnu': 4.62.3
      '@rollup/rollup-linux-ppc64-musl': 4.62.3
      '@rollup/rollup-linux-riscv64-gnu': 4.62.3
      '@rollup/rollup-linux-riscv64-musl': 4.62.3
      '@rollup/rollup-linux-s390x-gnu': 4.62.3
      '@rollup/rollup-linux-x64-gnu': 4.62.3
      '@rollup/rollup-linux-x64-musl': 4.62.3
      '@rollup/rollup-openbsd-x64': 4.62.3
      '@rollup/rollup-openharmony-arm64': 4.62.3
      '@rollup/rollup-win32-arm64-msvc': 4.62.3
      '@rollup/rollup-win32-ia32-msvc': 4.62.3
      '@rollup/rollup-win32-x64-gnu': 4.62.3
      '@rollup/rollup-win32-x64-msvc': 4.62.3
      fsevents: 2.3.3

  run-applescript@7.1.0: {}

  run-async@4.0.6: {}

  rxjs@7.8.2:
    dependencies:
      tslib: 2.8.1

  safer-buffer@2.1.2: {}

  signal-exit@4.1.0: {}

  source-map-js@1.2.1: {}

  tslib@2.8.1: {}

  typescript@5.9.3: {}

  vite@5.4.21:
    dependencies:
      esbuild: 0.21.5
      postcss: 8.5.25
      rollup: 4.62.3
    optionalDependencies:
      fsevents: 2.3.3

  wsl-utils@0.3.1:
    dependencies:
      is-wsl: 3.1.1
      powershell-utils: 0.1.0

  zod@4.4.3: {}
